// !$*UTF8*$!
{
	archiveVersion = 1;
	classes = {
	};
	objectVersion = 46;
	objects = {

/* Begin PBXBuildFile section */
		D50B9B851B5F1C7700A50303 /* AppDelegate.swift in Sources */ = {isa = PBXBuildFile; fileRef = D50B9B841B5F1C7700A50303 /* AppDelegate.swift */; };
		D50B9B871B5F1C7700A50303 /* ViewController.swift in Sources */ = {isa = PBXBuildFile; fileRef = D50B9B861B5F1C7700A50303 /* ViewController.swift */; };
		D50B9B8A1B5F1C7700A50303 /* Main.storyboard in Resources */ = {isa = PBXBuildFile; fileRef = D50B9B881B5F1C7700A50303 /* Main.storyboard */; };
		D50B9B8C1B5F1C7700A50303 /* Images.xcassets in Resources */ = {isa = PBXBuildFile; fileRef = D50B9B8B1B5F1C7700A50303 /* Images.xcassets */; };
		D50B9B8F1B5F1C7700A50303 /* LaunchScreen.xib in Resources */ = {isa = PBXBuildFile; fileRef = D50B9B8D1B5F1C7700A50303 /* LaunchScreen.xib */; };
		D50B9B9B1B5F1C7700A50303 /* DemoTests.swift in Sources */ = {isa = PBXBuildFile; fileRef = D50B9B9A1B5F1C7700A50303 /* DemoTests.swift */; };
/* End PBXBuildFile section */

/* Begin PBXContainerItemProxy section */
		D50B9B951B5F1C7700A50303 /* PBXContainerItemProxy */ = {
			isa = PBXContainerItemProxy;
			containerPortal = D50B9B771B5F1C7700A50303 /* Project object */;
			proxyType = 1;
			remoteGlobalIDString = D50B9B7E1B5F1C7700A50303;
			remoteInfo = Demo;
		};
/* End PBXContainerItemProxy section */

/* Begin PBXFileReference section */
		D50B9B7F1B5F1C7700A50303 /* Demo.app */ = {isa = PBXFileReference; explicitFileType = wrapper.application; includeInIndex = 0; path = Demo.app; sourceTree = BUILT_PRODUCTS_DIR; };
		D50B9B831B5F1C7700A50303 /* Info.plist */ = {isa = PBXFileReference; lastKnownFileType = text.plist.xml; path = Info.plist; sourceTree = "<group>"; };
		D50B9B841B5F1C7700A50303 /* AppDelegate.swift */ = {isa = PBXFileReference; lastKnownFileType = sourcecode.swift; path = AppDelegate.swift; sourceTree = "<group>"; };
		D50B9B861B5F1C7700A50303 /* ViewController.swift */ = {isa = PBXFileReference; lastKnownFileType = sourcecode.swift; path = ViewController.swift; sourceTree = "<group>"; };
		D50B9B891B5F1C7700A50303 /* Base */ = {isa = PBXFileReference; lastKnownFileType = file.storyboard; name = Base; path = Base.lproj/Main.storyboard; sourceTree = "<group>"; };
		D50B9B8B1B5F1C7700A50303 /* Images.xcassets */ = {isa = PBXFileReference; lastKnownFileType = folder.assetcatalog; path = Images.xcassets; sourceTree = "<group>"; };
		D50B9B8E1B5F1C7700A50303 /* Base */ = {isa = PBXFileReference; lastKnownFileType = file.xib; name = Base; path = Base.lproj/LaunchScreen.xib; sourceTree = "<group>"; };
		D50B9B941B5F1C7700A50303 /* DemoTests.xctest */ = {isa = PBXFileReference; explicitFileType = wrapper.cfbundle; includeInIndex = 0; path = DemoTests.xctest; sourceTree = BUILT_PRODUCTS_DIR; };
		D50B9B991B5F1C7700A50303 /* Info.plist */ = {isa = PBXFileReference; lastKnownFileType = text.plist.xml; path = Info.plist; sourceTree = "<group>"; };
		D50B9B9A1B5F1C7700A50303 /* DemoTests.swift */ = {isa = PBXFileReference; lastKnownFileType = sourcecode.swift; path = DemoTests.swift; sourceTree = "<group>"; };
/* End PBXFileReference section */

/* Begin PBXFrameworksBuildPhase section */
		D50B9B7C1B5F1C7700A50303 /* Frameworks */ = {
			isa = PBXFrameworksBuildPhase;
			buildActionMask = 2147483647;
			files = (
			);
			runOnlyForDeploymentPostprocessing = 0;
		};
		D50B9B911B5F1C7700A50303 /* Frameworks */ = {
			isa = PBXFrameworksBuildPhase;
			buildActionMask = 2147483647;
			files = (
			);
			runOnlyForDeploymentPostprocessing = 0;
		};
/* End PBXFrameworksBuildPhase section */

/* Begin PBXGroup section */
		D50B9B761B5F1C7700A50303 = {
			isa = PBXGroup;
			children = (
				D50B9B811B5F1C7700A50303 /* Demo */,
				D50B9B971B5F1C7700A50303 /* DemoTests */,
				D50B9B801B5F1C7700A50303 /* Products */,
			);
			sourceTree = "<group>";
		};
		D50B9B801B5F1C7700A50303 /* Products */ = {
			isa = PBXGroup;
			children = (
				D50B9B7F1B5F1C7700A50303 /* Demo.app */,
				D50B9B941B5F1C7700A50303 /* DemoTests.xctest */,
			);
			name = Products;
			sourceTree = "<group>";
		};
		D50B9B811B5F1C7700A50303 /* Demo */ = {
			isa = PBXGroup;
			children = (
				D50B9B841B5F1C7700A50303 /* AppDelegate.swift */,
				D50B9B861B5F1C7700A50303 /* ViewController.swift */,
				D50B9B881B5F1C7700A50303 /* Main.storyboard */,
				D50B9B8B1B5F1C7700A50303 /* Images.xcassets */,
				D50B9B8D1B5F1C7700A50303 /* LaunchScreen.xib */,
				D50B9B821B5F1C7700A50303 /* Supporting Files */,
			);
			path = Demo;
			sourceTree = "<group>";
		};
		D50B9B821B5F1C7700A50303 /* Supporting Files */ = {
			isa = PBXGroup;
			children = (
				D50B9B831B5F1C7700A50303 /* Info.plist */,
			);
			name = "Supporting Files";
			sourceTree = "<group>";
		};
		D50B9B971B5F1C7700A50303 /* DemoTests */ = {
			isa = PBXGroup;
			children = (
				D50B9B9A1B5F1C7700A50303 /* DemoTests.swift */,
				D50B9B981B5F1C7700A50303 /* Supporting Files */,
			);
			path = DemoTests;
			sourceTree = "<group>";
		};
		D50B9B981B5F1C7700A50303 /* Supporting Files */ = {
			isa = PBXGroup;
			children = (
				D50B9B991B5F1C7700A50303 /* Info.plist */,
			);
			name = "Supporting Files";
			sourceTree = "<group>";
		};
/* End PBXGroup section */

/* Begin PBXNativeTarget section */
		D50B9B7E1B5F1C7700A50303 /* Demo */ = {
			isa = PBXNativeTarget;
			buildConfigurationList = D50B9B9E1B5F1C7700A50303 /* Build configuration list for PBXNativeTarget "Demo" */;
			buildPhases = (
				D50B9B7B1B5F1C7700A50303 /* Sources */,
				D50B9B7C1B5F1C7700A50303 /* Frameworks */,
				D50B9B7D1B5F1C7700A50303 /* Resources */,
			);
			buildRules = (
			);
			dependencies = (
			);
			name = Demo;
			productName = Demo;
			productReference = D50B9B7F1B5F1C7700A50303 /* Demo.app */;
			productType = "com.apple.product-type.application";
		};
		D50B9B931B5F1C7700A50303 /* DemoTests */ = {
			isa = PBXNativeTarget;
			buildConfigurationList = D50B9BA11B5F1C7700A50303 /* Build configuration list for PBXNativeTarget "DemoTests" */;
			buildPhases = (
				D50B9B901B5F1C7700A50303 /* Sources */,
				D50B9B911B5F1C7700A50303 /* Frameworks */,
				D50B9B921B5F1C7700A50303 /* Resources */,
			);
			buildRules = (
			);
			dependencies = (
				D50B9B961B5F1C7700A50303 /* PBXTargetDependency */,
			);
			name = DemoTests;
			productName = DemoTests;
			productReference = D50B9B941B5F1C7700A50303 /* DemoTests.xctest */;
			productType = "com.apple.product-type.bundle.unit-test";
		};
/* End PBXNativeTarget section */

/* Begin PBXProject section */
		D50B9B771B5F1C7700A50303 /* Project object */ = {
			isa = PBXProject;
			attributes = {
				LastUpgradeCheck = 0640;
				ORGANIZATIONNAME = twb;
				TargetAttributes = {
					D50B9B7E1B5F1C7700A50303 = {
						CreatedOnToolsVersion = 6.4;
					};
					D50B9B931B5F1C7700A50303 = {
						CreatedOnToolsVersion = 6.4;
						TestTargetID = D50B9B7E1B5F1C7700A50303;
					};
				};
			};
			buildConfigurationList = D50B9B7A1B5F1C7700A50303 /* Build configuration list for PBXProject "Demo" */;
			compatibilityVersion = "Xcode 3.2";
			developmentRegion = English;
			hasScannedForEncodings = 0;
			knownRegions = (
				en,
				Base,
			);
			mainGroup = D50B9B761B5F1C7700A50303;
			productRefGroup = D50B9B801B5F1C7700A50303 /* Products */;
			projectDirPath = "";
			projectRoot = "";
			targets = (
				D50B9B7E1B5F1C7700A50303 /* Demo */,
				D50B9B931B5F1C7700A50303 /* DemoTests */,
			);
		};
/* End PBXProject section */

/* Begin PBXResourcesBuildPhase section */
		D50B9B7D1B5F1C7700A50303 /* Resources */ = {
			isa = PBXResourcesBuildPhase;
			buildActionMask = 2147483647;
			files = (
				D50B9B8A1B5F1C7700A50303 /* Main.storyboard in Resources */,
				D50B9B8F1B5F1C7700A50303 /* LaunchScreen.xib in Resources */,
				D50B9B8C1B5F1C7700A50303 /* Images.xcassets in Resources */,
			);
			runOnlyForDeploymentPostprocessing = 0;
		};
		D50B9B921B5F1C7700A50303 /* Resources */ = {
			isa = PBXResourcesBuildPhase;
			buildActionMask = 2147483647;
			files = (
			);
			runOnlyForDeploymentPostprocessing = 0;
		};
/* End PBXResourcesBuildPhase section */

/* Begin PBXSourcesBuildPhase section */
		D50B9B7B1B5F1C7700A50303 /* Sources */ = {
			isa = PBXSourcesBuildPhase;
			buildActionMask = 2147483647;
			files = (
				D50B9B871B5F1C7700A50303 /* ViewController.swift in Sources */,
				D50B9B851B5F1C7700A50303 /* AppDelegate.swift in Sources */,
			);
			runOnlyForDeploymentPostprocessing = 0;
		};
		D50B9B901B5F1C7700A50303 /* Sources */ = {
			isa = PBXSourcesBuildPhase;
			buildActionMask = 2147483647;
			files = (
				D50B9B9B1B5F1C7700A50303 /* DemoTests.swift in Sources */,
			);
			runOnlyForDeploymentPostprocessing = 0;
		};
/* End PBXSourcesBuildPhase section */

/* Begin PBXTargetDependency section */
		D50B9B961B5F1C7700A50303 /* PBXTargetDependency */ = {
			isa = PBXTargetDependency;
			target = D50B9B7E1B5F1C7700A50303 /* Demo */;
			targetProxy = D50B9B951B5F1C7700A50303 /* PBXContainerItemProxy */;
		};
/* End PBXTargetDependency section */

/* Begin PBXVariantGroup section */
		D50B9B881B5F1C7700A50303 /* Main.storyboard */ = {
			isa = PBXVariantGroup;
			children = (
				D50B9B891B5F1C7700A50303 /* Base */,
			);
			name = Main.storyboard;
			sourceTree = "<group>";
		};
		D50B9B8D1B5F1C7700A50303 /* LaunchScreen.xib */ = {
			isa = PBXVariantGroup;
			children = (
				D50B9B8E1B5F1C7700A50303 /* Base */,
			);
			name = LaunchScreen.xib;
			sourceTree = "<group>";
		};
/* End PBXVariantGroup section */

/* Begin XCBuildConfiguration section */
		D50B9B9C1B5F1C7700A50303 /* Debug */ = {
			isa = XCBuildConfiguration;
			buildSettings = {
				ALWAYS_SEARCH_USER_PATHS = NO;
				CLANG_CXX_LANGUAGE_STANDARD = "gnu++0x";
				CLANG_CXX_LIBRARY = "libc++";
				CLANG_ENABLE_MODULES = YES;
				CLANG_ENABLE_OBJC_ARC = YES;
				CLANG_WARN_BOOL_CONVERSION = YES;
				CLANG_WARN_CONSTANT_CONVERSION = YES;
				CLANG_WARN_DIRECT_OBJC_ISA_USAGE = YES_ERROR;
				CLANG_WARN_EMPTY_BODY = YES;
				CLANG_WARN_ENUM_CONVERSION = YES;
				CLANG_WARN_INT_CONVERSION = YES;
				CLANG_WARN_OBJC_ROOT_CLASS = YES_ERROR;
				CLANG_WARN_UNREACHABLE_CODE = YES;
				CLANG_WARN__DUPLICATE_METHOD_MATCH = YES;
				"CODE_SIGN_IDENTITY[sdk=iphoneos*]" = "iPhone Developer";
				COPY_PHASE_STRIP = NO;
				DEBUG_INFORMATION_FORMAT = "dwarf-with-dsym";
				ENABLE_STRICT_OBJC_MSGSEND = YES;
				GCC_C_LANGUAGE_STANDARD = gnu99;
				GCC_DYNAMIC_NO_PIC = NO;
				GCC_NO_COMMON_BLOCKS = YES;
				GCC_OPTIMIZATION_LEVEL = 0;
				GCC_PREPROCESSOR_DEFINITIONS = (
					"DEBUG=1",
					"$(inherited)",
				);
				GCC_SYMBOLS_PRIVATE_EXTERN = NO;
				GCC_WARN_64_TO_32_BIT_CONVERSION = YES;
				GCC_WARN_ABOUT_RETURN_TYPE = YES_ERROR;
				GCC_WARN_UNDECLARED_SELECTOR = YES;
				GCC_WARN_UNINITIALIZED_AUTOS = YES_AGGRESSIVE;
				GCC_WARN_UNUSED_FUNCTION = YES;
				GCC_WARN_UNUSED_VARIABLE = YES;
				IPHONEOS_DEPLOYMENT_TARGET = 8.4;
				MTL_ENABLE_DEBUG_INFO = YES;
				ONLY_ACTIVE_ARCH = YES;
				SDKROOT = iphoneos;
				SWIFT_OPTIMIZATION_LEVEL = "-Onone";
			};
			name = Debug;
		};
		D50B9B9D1B5F1C7700A50303 /* Release */ = {
			isa = XCBuildConfiguration;
			buildSettings = {
				ALWAYS_SEARCH_USER_PATHS = NO;
				CLANG_CXX_LANGUAGE_STANDARD = "gnu++0x";
				CLANG_CXX_LIBRARY = "libc++";
				CLANG_ENABLE_MODULES = YES;
				CLANG_ENABLE_OBJC_ARC = YES;
				CLANG_WARN_BOOL_CONVERSION = YES;
				CLANG_WARN_CONSTANT_CONVERSION = YES;
				CLANG_WARN_DIRECT_OBJC_ISA_USAGE = YES_ERROR;
				CLANG_WARN_EMPTY_BODY = YES;
				CLANG_WARN_ENUM_CONVERSION = YES;
				CLANG_WARN_INT_CONVERSION = YES;
				CLANG_WARN_OBJC_ROOT_CLASS = YES_ERROR;
				CLANG_WARN_UNREACHABLE_CODE = YES;
				CLANG_WARN__DUPLICATE_METHOD_MATCH = YES;
				"CODE_SIGN_IDENTITY[sdk=iphoneos*]" = "iPhone Developer";
				COPY_PHASE_STRIP = NO;
				DEBUG_INFORMATION_FORMAT = "dwarf-with-dsym";
				ENABLE_NS_ASSERTIONS = NO;
				ENABLE_STRICT_OBJC_MSGSEND = YES;
				GCC_C_LANGUAGE_STANDARD = gnu99;
				GCC_NO_COMMON_BLOCKS = YES;
				GCC_WARN_64_TO_32_BIT_CONVERSION = YES;
				GCC_WARN_ABOUT_RETURN_TYPE = YES_ERROR;
				GCC_WARN_UNDECLARED_SELECTOR = YES;
				GCC_WARN_UNINITIALIZED_AUTOS = YES_AGGRESSIVE;
				GCC_WARN_UNUSED_FUNCTION = YES;
				GCC_WARN_UNUSED_VARIABLE = YES;
				IPHONEOS_DEPLOYMENT_TARGET = 8.4;
				MTL_ENABLE_DEBUG_INFO = NO;
				SDKROOT = iphoneos;
				VALIDATE_PRODUCT = YES;
			};
			name = Release;
		};
		D50B9B9F1B5F1C7700A50303 /* Debug */ = {
			isa = XCBuildConfiguration;
			buildSettings = {
				ASSETCATALOG_COMPILER_APPICON_NAME = AppIcon;
				INFOPLIST_FILE = Demo/Info.plist;
				LD_RUNPATH_SEARCH_PATHS = "$(inherited) @executable_path/Frameworks";
				PRODUCT_NAME = "$(TARGET_NAME)";
			};
			name = Debug;
		};
		D50B9BA01B5F1C7700A50303 /* Release */ = {
			isa = XCBuildConfiguration;
			buildSettings = {
				ASSETCATALOG_COMPILER_APPICON_NAME = AppIcon;
				INFOPLIST_FILE = Demo/Info.plist;
				LD_RUNPATH_SEARCH_PATHS = "$(inherited) @executable_path/Frameworks";
				PRODUCT_NAME = "$(TARGET_NAME)";
			};
			name = Release;
		};
		D50B9BA21B5F1C7700A50303 /* Debug */ = {
			isa = XCBuildConfiguration;
			buildSettings = {
				BUNDLE_LOADER = "$(TEST_HOST)";
				FRAMEWORK_SEARCH_PATHS = (
					"$(SDKROOT)/Developer/Library/Frameworks",
					"$(inherited)",
				);
				GCC_PREPROCESSOR_DEFINITIONS = (
					"DEBUG=1",
					"$(inherited)",
				);
				INFOPLIST_FILE = DemoTests/Info.plist;
				LD_RUNPATH_SEARCH_PATHS = "$(inherited) @executable_path/Frameworks @loader_path/Frameworks";
				PRODUCT_NAME = "$(TARGET_NAME)";
				TEST_HOST = "$(BUILT_PRODUCTS_DIR)/Demo.app/Demo";
			};
			name = Debug;
		};
		D50B9BA31B5F1C7700A50303 /* Release */ = {
			isa = XCBuildConfiguration;
			buildSettings = {
				BUNDLE_LOADER = "$(TEST_HOST)";
				FRAMEWORK_SEARCH_PATHS = (
					"$(SDKROOT)/Developer/Library/Frameworks",
					"$(inherited)",
				);
				INFOPLIST_FILE = DemoTests/Info.plist;
				LD_RUNPATH_SEARCH_PATHS = "$(inherited) @executable_path/Frameworks @loader_path/Frameworks";
				PRODUCT_NAME = "$(TARGET_NAME)";
				TEST_HOST = "$(BUILT_PRODUCTS_DIR)/Demo.app/Demo";
			};
			name = Release;
		};
/* End XCBuildConfiguration section */

/* Begin XCConfigurationList section */
		D50B9B7A1B5F1C7700A50303 /* Build configuration list for PBXProject "Demo" */ = {
			isa = XCConfigurationList;
			buildConfigurations = (
				D50B9B9C1B5F1C7700A50303 /* Debug */,
				D50B9B9D1B5F1C7700A50303 /* Release */,
			);
			defaultConfigurationIsVisible = 0;
			defaultConfigurationName = Release;
		};
		D50B9B9E1B5F1C7700A50303 /* Build configuration list for PBXNativeTarget "Demo" */ = {
			isa = XCConfigurationList;
			buildConfigurations = (
				D50B9B9F1B5F1C7700A50303 /* Debug */,
				D50B9BA01B5F1C7700A50303 /* Release */,
			);
			defaultConfigurationIsVisible = 0;
		};
		D50B9BA11B5F1C7700A50303 /* Build configuration list for PBXNativeTarget "DemoTests" */ = {
			isa = XCConfigurationList;
			buildConfigurations = (
				D50B9BA21B5F1C7700A50303 /* Debug */,
				D50B9BA31B5F1C7700A50303 /* Release */,
			);
			defaultConfigurationIsVisible = 0;
		};
/* End XCConfigurationList section */
	};
	rootObject = D50B9B771B5F1C7700A50303 /* Project object */;
}
